{
  "requires": true,
  "lockfileVersion": 1,
  "dependencies": {
    "@babel/runtime": {
      "version": "7.12.5",
      "resolved": "https://registry.npm.taobao.org/@babel/runtime/download/@babel/runtime-7.12.5.tgz?cache=0&sync_timestamp=1604442914006&other_urls=https%3A%2F%2Fregistry.npm.taobao.org%2F%40babel%2Fruntime%2Fdownload%2F%40babel%2Fruntime-7.12.5.tgz",
      "integrity": "sha1-QQ5+SHRB4bNgwpvnFdhw2bmFiC4=",
      "requires": {
        "regenerator-runtime": "^0.13.4"
      }
    },
    "@emotion/hash": {
      "version": "0.8.0",
      "resolved": "https://registry.npm.taobao.org/@emotion/hash/download/@emotion/hash-0.8.0.tgz",
      "integrity": "sha1-u7/2iXj+/b5ozLUzvIy+HRr7VBM="
    },
    "@material-ui/core": {
      "version": "4.11.0",
      "resolved": "https://registry.npm.taobao.org/@material-ui/core/download/@material-ui/core-4.11.0.tgz",
      "integrity": "sha1-tpsm5FU8nlPyv68QU+IWoK+b4Vo=",
      "requires": {
        "@babel/runtime": "^7.4.4",
        "@material-ui/styles": "^4.10.0",
        "@material-ui/system": "^4.9.14",
        "@material-ui/types": "^5.1.0",
        "@material-ui/utils": "^4.10.2",
        "@types/react-transition-group": "^4.2.0",
        "clsx": "^1.0.4",
        "hoist-non-react-statics": "^3.3.2",
        "popper.js": "1.16.1-lts",
        "prop-types": "^15.7.2",
        "react-is": "^16.8.0",
        "react-transition-group": "^4.4.0"
      }
    },
    "@material-ui/styles": {
      "version": "4.10.0",
      "resolved": "https://registry.npm.taobao.org/@material-ui/styles/download/@material-ui/styles-4.10.0.tgz",
      "integrity": "sha1-JAbcI6o1gheqjMdy5iN71/BUQHE=",
      "requires": {
        "@babel/runtime": "^7.4.4",
        "@emotion/hash": "^0.8.0",
        "@material-ui/types": "^5.1.0",
        "@material-ui/utils": "^4.9.6",
        "clsx": "^1.0.4",
        "csstype": "^2.5.2",
        "hoist-non-react-statics": "^3.3.2",
        "jss": "^10.0.3",
        "jss-plugin-camel-case": "^10.0.3",
        "jss-plugin-default-unit": "^10.0.3",
        "jss-plugin-global": "^10.0.3",
        "jss-plugin-nested": "^10.0.3",
        "jss-plugin-props-sort": "^10.0.3",
        "jss-plugin-rule-value-function": "^10.0.3",
        "jss-plugin-vendor-prefixer": "^10.0.3",
        "prop-types": "^15.7.2"
      }
    },
    "@material-ui/system": {
      "version": "4.9.14",
      "resolved": "https://registry.npm.taobao.org/@material-ui/system/download/@material-ui/system-4.9.14.tgz",
      "integrity": "sha1-SwDEi1aTQM77IDbQWWuTrGxYel8=",
      "requires": {
        "@babel/runtime": "^7.4.4",
        "@material-ui/utils": "^4.9.6",
        "csstype": "^2.5.2",
        "prop-types": "^15.7.2"
      }
    },
    "@material-ui/types": {
      "version": "5.1.0",
      "resolved": "https://registry.npm.taobao.org/@material-ui/types/download/@material-ui/types-5.1.0.tgz",
      "integrity": "sha1-76HHoLDqpMfIesA5BEXw+IsNiPI="
    },
    "@material-ui/utils": {
      "version": "4.10.2",
      "resolved": "https://registry.npm.taobao.org/@material-ui/utils/download/@material-ui/utils-4.10.2.tgz",
      "integrity": "sha1-P9VHDKYbc0Hx4EaKyPKacL9t8yE=",
      "requires": {
        "@babel/runtime": "^7.4.4",
        "prop-types": "^15.7.2",
        "react-is": "^16.8.0"
      }
    },
    "@types/prop-types": {
      "version": "15.7.3",
      "resolved": "https://registry.npm.taobao.org/@types/prop-types/download/@types/prop-types-15.7.3.tgz",
      "integrity": "sha1-KrDV2i5YFflLC51LldHl8kOrLKc="
    },
    "@types/react": {
      "version": "16.9.56",
      "resolved": "https://registry.npm.taobao.org/@types/react/download/@types/react-16.9.56.tgz",
      "integrity": "sha1-6iWEe1PFvsBkkzCV/DZrFGLirfA=",
      "requires": {
        "@types/prop-types": "*",
        "csstype": "^3.0.2"
      },
      "dependencies": {
        "csstype": {
          "version": "3.0.5",
          "resolved": "https://registry.npm.taobao.org/csstype/download/csstype-3.0.5.tgz",
          "integrity": "sha1-f97GoopnrhhkfFFmip/5W7L6e7g="
        }
      }
    },
    "@types/react-transition-group": {
      "version": "4.4.0",
      "resolved": "https://registry.npm.taobao.org/@types/react-transition-group/download/@types/react-transition-group-4.4.0.tgz?cache=0&sync_timestamp=1605057436953&other_urls=https%3A%2F%2Fregistry.npm.taobao.org%2F%40types%2Freact-transition-group%2Fdownload%2F%40types%2Freact-transition-group-4.4.0.tgz",
      "integrity": "sha1-iCg520Zd8TIOR1Pm6fcMp+m01G0=",
      "requires": {
        "@types/react": "*"
      }
    },
    "clsx": {
      "version": "1.1.1",
      "resolved": "https://registry.npm.taobao.org/clsx/download/clsx-1.1.1.tgz",
      "integrity": "sha1-mLMTT5q73yOyZjSRrOE8XAOnMYg="
    },
    "css-vendor": {
      "version": "2.0.8",
      "resolved": "https://registry.npm.taobao.org/css-vendor/download/css-vendor-2.0.8.tgz",
      "integrity": "sha1-5H+R070xF9SRgKPJNeYuPZ9/RJ0=",
      "requires": {
        "@babel/runtime": "^7.8.3",
        "is-in-browser": "^1.0.2"
      }
    },
    "csstype": {
      "version": "2.6.14",
      "resolved": "https://registry.npm.taobao.org/csstype/download/csstype-2.6.14.tgz",
      "integrity": "sha1-AEgipAUDRbVa1NzAC+HZzy9Clt4="
    },
    "dom-helpers": {
      "version": "5.2.0",
      "resolved": "https://registry.npm.taobao.org/dom-helpers/download/dom-helpers-5.2.0.tgz",
      "integrity": "sha1-V/0FTF+PNMUqPu/9t+fpPNNX2Vs=",
      "requires": {
        "@babel/runtime": "^7.8.7",
        "csstype": "^3.0.2"
      },
      "dependencies": {
        "csstype": {
          "version": "3.0.5",
          "resolved": "https://registry.npm.taobao.org/csstype/download/csstype-3.0.5.tgz",
          "integrity": "sha1-f97GoopnrhhkfFFmip/5W7L6e7g="
        }
      }
    },
    "hoist-non-react-statics": {
      "version": "3.3.2",
      "resolved": "https://registry.npm.taobao.org/hoist-non-react-statics/download/hoist-non-react-statics-3.3.2.tgz?cache=0&sync_timestamp=1596721617088&other_urls=https%3A%2F%2Fregistry.npm.taobao.org%2Fhoist-non-react-statics%2Fdownload%2Fhoist-non-react-statics-3.3.2.tgz",
      "integrity": "sha1-7OCsr3HWLClpwuxZ/v9CpLGoW0U=",
      "requires": {
        "react-is": "^16.7.0"
      }
    },
    "hyphenate-style-name": {
      "version": "1.0.4",
      "resolved": "https://registry.npm.taobao.org/hyphenate-style-name/download/hyphenate-style-name-1.0.4.tgz",
      "integrity": "sha1-aRh5r44iCupXUOiCfbTvYqVONh0="
    },
    "indefinite-observable": {
      "version": "2.0.1",
      "resolved": "https://registry.npm.taobao.org/indefinite-observable/download/indefinite-observable-2.0.1.tgz",
      "integrity": "sha1-V0rym/vBfrWUd5N5e93JTJ2FlAA=",
      "requires": {
        "symbol-observable": "1.2.0"
      }
    },
    "is-in-browser": {
      "version": "1.1.3",
      "resolved": "https://registry.npm.taobao.org/is-in-browser/download/is-in-browser-1.1.3.tgz",
      "integrity": "sha1-Vv9NtoOgeMYILrldrX3GLh0E+DU="
    },
    "js-tokens": {
      "version": "4.0.0",
      "resolved": "https://registry.npm.taobao.org/js-tokens/download/js-tokens-4.0.0.tgz",
      "integrity": "sha1-GSA/tZmR35jjoocFDUZHzerzJJk="
    },
    "jss": {
      "version": "10.5.0",
      "resolved": "https://registry.npm.taobao.org/jss/download/jss-10.5.0.tgz",
      "integrity": "sha1-DC3ooph0styBYqt/NO9lc6h9ndM=",
      "requires": {
        "@babel/runtime": "^7.3.1",
        "csstype": "^3.0.2",
        "indefinite-observable": "^2.0.1",
        "is-in-browser": "^1.1.3",
        "tiny-warning": "^1.0.2"
      },
      "dependencies": {
        "csstype": {
          "version": "3.0.5",
          "resolved": "https://registry.npm.taobao.org/csstype/download/csstype-3.0.5.tgz",
          "integrity": "sha1-f97GoopnrhhkfFFmip/5W7L6e7g="
        }
      }
    },
    "jss-plugin-camel-case": {
      "version": "10.5.0",
      "resolved": "https://registry.npm.taobao.org/jss-plugin-camel-case/download/jss-plugin-camel-case-10.5.0.tgz",
      "integrity": "sha1-SwqcheZeXrcsv7pZNzaGxgTYj3I=",
      "requires": {
        "@babel/runtime": "^7.3.1",
        "hyphenate-style-name": "^1.0.3",
        "jss": "10.5.0"
      }
    },
    "jss-plugin-default-unit": {
      "version": "10.5.0",
      "resolved": "https://registry.npm.taobao.org/jss-plugin-default-unit/download/jss-plugin-default-unit-10.5.0.tgz",
      "integrity": "sha1-6fLol0GwEYuhXVK0wTvaKycmI3M=",
      "requires": {
        "@babel/runtime": "^7.3.1",
        "jss": "10.5.0"
      }
    },
    "jss-plugin-global": {
      "version": "10.5.0",
      "resolved": "https://registry.npm.taobao.org/jss-plugin-global/download/jss-plugin-global-10.5.0.tgz",
      "integrity": "sha1-6zV8zTXLSJQnf7IRenjR5JhmitY=",
      "requires": {
        "@babel/runtime": "^7.3.1",
        "jss": "10.5.0"
      }
    },
    "jss-plugin-nested": {
      "version": "10.5.0",
      "resolved": "https://registry.npm.taobao.org/jss-plugin-nested/download/jss-plugin-nested-10.5.0.tgz",
      "integrity": "sha1-eQxQZDKiOmPHHOtQROKshfCVhwI=",
      "requires": {
        "@babel/runtime": "^7.3.1",
        "jss": "10.5.0",
        "tiny-warning": "^1.0.2"
      }
    },
    "jss-plugin-props-sort": {
      "version": "10.5.0",
      "resolved": "https://registry.npm.taobao.org/jss-plugin-props-sort/download/jss-plugin-props-sort-10.5.0.tgz",
      "integrity": "sha1-W8w72OaM0+La+0fWfbKP1aT88QI=",
      "requires": {
        "@babel/runtime": "^7.3.1",
        "jss": "10.5.0"
      }
    },
    "jss-plugin-rule-value-function": {
      "version": "10.5.0",
      "resolved": "https://registry.npm.taobao.org/jss-plugin-rule-value-function/download/jss-plugin-rule-value-function-10.5.0.tgz",
      "integrity": "sha1-YO6CQN/mBBjhukcpre6JPL6b56M=",
      "requires": {
        "@babel/runtime": "^7.3.1",
        "jss": "10.5.0",
        "tiny-warning": "^1.0.2"
      }
    },
    "jss-plugin-vendor-prefixer": {
      "version": "10.5.0",
      "resolved": "https://registry.npm.taobao.org/jss-plugin-vendor-prefixer/download/jss-plugin-vendor-prefixer-10.5.0.tgz",
      "integrity": "sha1-AfBM//MfQ/FT9dcZcvWACxCi64Q=",
      "requires": {
        "@babel/runtime": "^7.3.1",
        "css-vendor": "^2.0.8",
        "jss": "10.5.0"
      }
    },
    "loose-envify": {
      "version": "1.4.0",
      "resolved": "https://registry.npm.taobao.org/loose-envify/download/loose-envify-1.4.0.tgz",
      "integrity": "sha1-ce5R+nvkyuwaY4OffmgtgTLTDK8=",
      "requires": {
        "js-tokens": "^3.0.0 || ^4.0.0"
      }
    },
    "object-assign": {
      "version": "4.1.1",
      "resolved": "https://registry.npm.taobao.org/object-assign/download/object-assign-4.1.1.tgz",
      "integrity": "sha1-IQmtx5ZYh8/AXLvUQsrIv7s2CGM="
    },
    "popper.js": {
      "version": "1.16.1-lts",
      "resolved": "https://registry.npm.taobao.org/popper.js/download/popper.js-1.16.1-lts.tgz",
      "integrity": "sha1-z2hHuAfaN5nYDuPW0vkN+KP1CwU="
    },
    "prop-types": {
      "version": "15.7.2",
      "resolved": "https://registry.npm.taobao.org/prop-types/download/prop-types-15.7.2.tgz?cache=0&sync_timestamp=1596721619154&other_urls=https%3A%2F%2Fregistry.npm.taobao.org%2Fprop-types%2Fdownload%2Fprop-types-15.7.2.tgz",
      "integrity": "sha1-UsQedbjIfnK52TYOAga5ncv/psU=",
      "requires": {
        "loose-envify": "^1.4.0",
        "object-assign": "^4.1.1",
        "react-is": "^16.8.1"
      }
    },
    "react-is": {
      "version": "16.13.1",
      "resolved": "https://registry.npm.taobao.org/react-is/download/react-is-16.13.1.tgz?cache=0&sync_timestamp=1603367632728&other_urls=https%3A%2F%2Fregistry.npm.taobao.org%2Freact-is%2Fdownload%2Freact-is-16.13.1.tgz",
      "integrity": "sha1-eJcppNw23imZ3BVt1sHZwYzqVqQ="
    },
    "react-transition-group": {
      "version": "4.4.1",
      "resolved": "https://registry.npm.taobao.org/react-transition-group/download/react-transition-group-4.4.1.tgz",
      "integrity": "sha1-Y4aPkyWjjqXulTXYKDJ/hXczRck=",
      "requires": {
        "@babel/runtime": "^7.5.5",
        "dom-helpers": "^5.0.1",
        "loose-envify": "^1.4.0",
        "prop-types": "^15.6.2"
      }
    },
    "regenerator-runtime": {
      "version": "0.13.7",
      "resolved": "https://registry.npm.taobao.org/regenerator-runtime/download/regenerator-runtime-0.13.7.tgz",
      "integrity": "sha1-ysLazIoepnX+qrrriugziYrkb1U="
    },
    "symbol-observable": {
      "version": "1.2.0",
      "resolved": "https://registry.npm.taobao.org/symbol-observable/download/symbol-observable-1.2.0.tgz?cache=0&sync_timestamp=1604338039885&other_urls=https%3A%2F%2Fregistry.npm.taobao.org%2Fsymbol-observable%2Fdownload%2Fsymbol-observable-1.2.0.tgz",
      "integrity": "sha1-wiaIrtTqs83C3+rLtWFmBWCgCAQ="
    },
    "tiny-warning": {
      "version": "1.0.3",
      "resolved": "https://registry.npm.taobao.org/tiny-warning/download/tiny-warning-1.0.3.tgz",
      "integrity": "sha1-lKMNtFPfTGQ9D9VmBg1gqHXYR1Q="
    }
  }
}
